
Microsoft Visual Studio Solution File, Format Version 12.00
Project("{FAE04EC0-301F-11D3-BF4B-00C04F79EFBC}") = "FirstOne", "FirstOne\FirstOne.csproj", "{B5449E0C-D9AE-4282-989C-18540B96A5CF}"
EndProject
Project("{FAE04EC0-301F-11D3-BF4B-00C04F79EFBC}") = "FirstOne.Tests", "FirstOne.Tests\FirstOne.Tests.csproj", "{B8CB1D76-A3EE-41D9-A4AD-34276FB1B6BC}"
EndProject
Project("{FAE04EC0-301F-11D3-BF4B-00C04F79EFBC}") = "SecondOne.Tests", "SecondOne.Tests\SecondOne.Tests.csproj", "{E97DABDD-DA19-4BD0-83F1-D2C4AAF5DE39}"
EndProject
Global
	GlobalSection(SolutionConfigurationPlatforms) = preSolution
		Debug|Any CPU = Debug|Any CPU
		Release|Any CPU = Release|Any CPU
	EndGlobalSection
	GlobalSection(ProjectConfigurationPlatforms) = postSolution
		{B5449E0C-D9AE-4282-989C-18540B96A5CF}.Debug|Any CPU.ActiveCfg = Debug|Any CPU
		{B5449E0C-D9AE-4282-989C-18540B96A5CF}.Debug|Any CPU.Build.0 = Debug|Any CPU
		{B5449E0C-D9AE-4282-989C-18540B96A5CF}.Release|Any CPU.ActiveCfg = Release|Any CPU
		{B5449E0C-D9AE-4282-989C-18540B96A5CF}.Release|Any CPU.Build.0 = Release|Any CPU
		{B8CB1D76-A3EE-41D9-A4AD-34276FB1B6BC}.Debug|Any CPU.ActiveCfg = Debug|Any CPU
		{B8CB1D76-A3EE-41D9-A4AD-34276FB1B6BC}.Debug|Any CPU.Build.0 = Debug|Any CPU
		{B8CB1D76-A3EE-41D9-A4AD-34276FB1B6BC}.Release|Any CPU.ActiveCfg = Release|Any CPU
		{B8CB1D76-A3EE-41D9-A4AD-34276FB1B6BC}.Release|Any CPU.Build.0 = Release|Any CPU
		{E97DABDD-DA19-4BD0-83F1-D2C4AAF5DE39}.Debug|Any CPU.ActiveCfg = Debug|Any CPU
		{E97DABDD-DA19-4BD0-83F1-D2C4AAF5DE39}.Debug|Any CPU.Build.0 = Debug|Any CPU
		{E97DABDD-DA19-4BD0-83F1-D2C4AAF5DE39}.Release|Any CPU.ActiveCfg = Release|Any CPU
		{E97DABDD-DA19-4BD0-83F1-D2C4AAF5DE39}.Release|Any CPU.Build.0 = Release|Any CPU
	EndGlobalSection
EndGlobal
