
Microsoft Visual Studio Solution File, Format Version 12.00
Project("{FAE04EC0-301F-11D3-BF4B-00C04F79EFBC}") = "FirstOne.Impl", "FirstOne\FirstOne.Impl\FirstOne.Impl.csproj", "{B5449E0C-D9AE-4282-989C-18540B96A5CF}"
EndProject
Project("{FAE04EC0-301F-11D3-BF4B-00C04F79EFBC}") = "FirstOne.Tests", "FirstOne\FirstOne.Tests\FirstOne.Tests.csproj", "{B8CB1D76-A3EE-41D9-A4AD-34276FB1B6BC}"
EndProject
Project("{FAE04EC0-301F-11D3-BF4B-00C04F79EFBC}") = "SecondOne.Tests", "SecondOne\SecondOne.Tests\SecondOne.Tests.csproj", "{E97DABDD-DA19-4BD0-83F1-D2C4AAF5DE39}"
EndProject
Project("{FAE04EC0-301F-11D3-BF4B-00C04F79EFBC}") = "SecondOne", "SecondOne\SecondOne.Impl\SecondOne.Impl.csproj", "{6026B3CC-6E5D-4946-835E-E06E4890B812}"
EndProject
Project("{2150E333-8FDC-42A3-9474-1A3956D46DE8}") = "FirstOne", "FirstOne", "{865E865C-C4AE-466C-8A09-1DC2A791ADD0}"
EndProject
Project("{2150E333-8FDC-42A3-9474-1A3956D46DE8}") = "SecondOne", "SecondOne", "{1527B687-565F-4B5C-9678-D33601C1C33F}"
EndProject
Project("{FAE04EC0-301F-11D3-BF4B-00C04F79EFBC}") = "ThirdOne.Tests", "ThirdOne.Tests\ThirdOne.Tests.csproj", "{3C1C76FA-F57C-43B4-8E98-74BA4ECE831B}"
EndProject
Project("{2150E333-8FDC-42A3-9474-1A3956D46DE8}") = "ThirdOne", "ThirdOne", "{E788F397-55FC-4D22-986C-B21AAC6C121F}"
EndProject
Project("{FAE04EC0-301F-11D3-BF4B-00C04F79EFBC}") = "ThirdOne.Impl", "ThirdOne.Impl\ThirdOne.Impl.csproj", "{3395501F-F7D9-41E1-B65D-7C67560D1938}"
EndProject
Project("{2150E333-8FDC-42A3-9474-1A3956D46DE8}") = "FourthOne", "FourthOne", "{599EC2B3-10E0-4AD8-A281-57D2A862B67D}"
EndProject
Project("{FAE04EC0-301F-11D3-BF4B-00C04F79EFBC}") = "FourthOne.Impl", "FourthOne\FourthOne.Impl\FourthOne.Impl.csproj", "{03DFBDEE-B6A8-4664-BB8B-3C1E30CEA22B}"
EndProject
Project("{FAE04EC0-301F-11D3-BF4B-00C04F79EFBC}") = "FourthOne.Tests", "FourthOne\FourthOne.Tests\FourthOne.Tests.csproj", "{576DF469-9A00-447F-AA15-74B670E0A185}"
EndProject
Global
	GlobalSection(SolutionConfigurationPlatforms) = preSolution
		Debug|Any CPU = Debug|Any CPU
		Release|Any CPU = Release|Any CPU
	EndGlobalSection
	GlobalSection(ProjectConfigurationPlatforms) = postSolution
		{B5449E0C-D9AE-4282-989C-18540B96A5CF}.Debug|Any CPU.ActiveCfg = Debug|Any CPU
		{B5449E0C-D9AE-4282-989C-18540B96A5CF}.Debug|Any CPU.Build.0 = Debug|Any CPU
		{B5449E0C-D9AE-4282-989C-18540B96A5CF}.Release|Any CPU.ActiveCfg = Release|Any CPU
		{B5449E0C-D9AE-4282-989C-18540B96A5CF}.Release|Any CPU.Build.0 = Release|Any CPU
		{B8CB1D76-A3EE-41D9-A4AD-34276FB1B6BC}.Debug|Any CPU.ActiveCfg = Debug|Any CPU
		{B8CB1D76-A3EE-41D9-A4AD-34276FB1B6BC}.Debug|Any CPU.Build.0 = Debug|Any CPU
		{B8CB1D76-A3EE-41D9-A4AD-34276FB1B6BC}.Release|Any CPU.ActiveCfg = Release|Any CPU
		{B8CB1D76-A3EE-41D9-A4AD-34276FB1B6BC}.Release|Any CPU.Build.0 = Release|Any CPU
		{E97DABDD-DA19-4BD0-83F1-D2C4AAF5DE39}.Debug|Any CPU.ActiveCfg = Debug|Any CPU
		{E97DABDD-DA19-4BD0-83F1-D2C4AAF5DE39}.Debug|Any CPU.Build.0 = Debug|Any CPU
		{E97DABDD-DA19-4BD0-83F1-D2C4AAF5DE39}.Release|Any CPU.ActiveCfg = Release|Any CPU
		{E97DABDD-DA19-4BD0-83F1-D2C4AAF5DE39}.Release|Any CPU.Build.0 = Release|Any CPU
		{6026B3CC-6E5D-4946-835E-E06E4890B812}.Debug|Any CPU.ActiveCfg = Debug|Any CPU
		{6026B3CC-6E5D-4946-835E-E06E4890B812}.Debug|Any CPU.Build.0 = Debug|Any CPU
		{6026B3CC-6E5D-4946-835E-E06E4890B812}.Release|Any CPU.ActiveCfg = Release|Any CPU
		{6026B3CC-6E5D-4946-835E-E06E4890B812}.Release|Any CPU.Build.0 = Release|Any CPU
		{3C1C76FA-F57C-43B4-8E98-74BA4ECE831B}.Debug|Any CPU.ActiveCfg = Debug|Any CPU
		{3C1C76FA-F57C-43B4-8E98-74BA4ECE831B}.Debug|Any CPU.Build.0 = Debug|Any CPU
		{3C1C76FA-F57C-43B4-8E98-74BA4ECE831B}.Release|Any CPU.ActiveCfg = Release|Any CPU
		{3C1C76FA-F57C-43B4-8E98-74BA4ECE831B}.Release|Any CPU.Build.0 = Release|Any CPU
		{3395501F-F7D9-41E1-B65D-7C67560D1938}.Debug|Any CPU.ActiveCfg = Debug|Any CPU
		{3395501F-F7D9-41E1-B65D-7C67560D1938}.Debug|Any CPU.Build.0 = Debug|Any CPU
		{3395501F-F7D9-41E1-B65D-7C67560D1938}.Release|Any CPU.ActiveCfg = Release|Any CPU
		{3395501F-F7D9-41E1-B65D-7C67560D1938}.Release|Any CPU.Build.0 = Release|Any CPU
		{03DFBDEE-B6A8-4664-BB8B-3C1E30CEA22B}.Debug|Any CPU.ActiveCfg = Debug|Any CPU
		{03DFBDEE-B6A8-4664-BB8B-3C1E30CEA22B}.Debug|Any CPU.Build.0 = Debug|Any CPU
		{03DFBDEE-B6A8-4664-BB8B-3C1E30CEA22B}.Release|Any CPU.ActiveCfg = Release|Any CPU
		{03DFBDEE-B6A8-4664-BB8B-3C1E30CEA22B}.Release|Any CPU.Build.0 = Release|Any CPU
		{576DF469-9A00-447F-AA15-74B670E0A185}.Debug|Any CPU.ActiveCfg = Debug|Any CPU
		{576DF469-9A00-447F-AA15-74B670E0A185}.Debug|Any CPU.Build.0 = Debug|Any CPU
		{576DF469-9A00-447F-AA15-74B670E0A185}.Release|Any CPU.ActiveCfg = Release|Any CPU
		{576DF469-9A00-447F-AA15-74B670E0A185}.Release|Any CPU.Build.0 = Release|Any CPU
	EndGlobalSection
	GlobalSection(NestedProjects) = preSolution
		{B5449E0C-D9AE-4282-989C-18540B96A5CF} = {865E865C-C4AE-466C-8A09-1DC2A791ADD0}
		{B8CB1D76-A3EE-41D9-A4AD-34276FB1B6BC} = {865E865C-C4AE-466C-8A09-1DC2A791ADD0}
		{6026B3CC-6E5D-4946-835E-E06E4890B812} = {1527B687-565F-4B5C-9678-D33601C1C33F}
		{E97DABDD-DA19-4BD0-83F1-D2C4AAF5DE39} = {1527B687-565F-4B5C-9678-D33601C1C33F}
		{3C1C76FA-F57C-43B4-8E98-74BA4ECE831B} = {E788F397-55FC-4D22-986C-B21AAC6C121F}
		{3395501F-F7D9-41E1-B65D-7C67560D1938} = {E788F397-55FC-4D22-986C-B21AAC6C121F}
		{03DFBDEE-B6A8-4664-BB8B-3C1E30CEA22B} = {599EC2B3-10E0-4AD8-A281-57D2A862B67D}
		{576DF469-9A00-447F-AA15-74B670E0A185} = {599EC2B3-10E0-4AD8-A281-57D2A862B67D}
	EndGlobalSection
EndGlobal
